
Microsoft Visual Studio Solution File, Format Version 12.00
# Visual Studio Version 17
VisualStudioVersion = 17.10.34928.147
MinimumVisualStudioVersion = 10.0.40219.1
Project("{2150E333-8FDC-42A3-9474-1A3956D46DE8}") = "RazorERP", "RazorERP", "{009BCC24-889F-40D1-ABD0-1A9533A1966A}"
EndProject
Project("{2150E333-8FDC-42A3-9474-1A3956D46DE8}") = "RazorERP.Tests", "RazorERP.Tests", "{5415B2C2-35C3-4B91-9612-87C458268B78}"
EndProject
Project("{2150E333-8FDC-42A3-9474-1A3956D46DE8}") = "Core", "Core", "{6B5B1271-C8F2-4962-BAA4-3772C9D7C7DF}"
EndProject
Project("{2150E333-8FDC-42A3-9474-1A3956D46DE8}") = "Infrastructure", "Infrastructure", "{9EAEAB19-7FF7-4D9A-AC05-5A386C73CECB}"
EndProject
Project("{2150E333-8FDC-42A3-9474-1A3956D46DE8}") = "Web", "Web", "{42FDCD95-E80D-4AEE-8269-642C5B108748}"
EndProject
Project("{9A19103F-16F7-4668-BE54-9A1E7A4F7556}") = "RazorERP.Core.Application", "RazorERP.Core.Application\RazorERP.Core.Application.csproj", "{3D45CDB2-E838-4A64-8D20-3DD417EA4578}"
EndProject
Project("{9A19103F-16F7-4668-BE54-9A1E7A4F7556}") = "RazorERP.Core.Domain", "RazorERP.Core.Domain\RazorERP.Core.Domain.csproj", "{3C3CA313-88F2-4287-A56E-0DB152DF273F}"
EndProject
Project("{9A19103F-16F7-4668-BE54-9A1E7A4F7556}") = "RazorERP.Infrastructure.Persistence", "RazorERP.Infrastructure.Persistence\RazorERP.Infrastructure.Persistence.csproj", "{851EA0F1-1808-4324-99C4-3098F9171783}"
EndProject
Project("{9A19103F-16F7-4668-BE54-9A1E7A4F7556}") = "RazorERP.API", "RazorERP.API\RazorERP.API.csproj", "{C554AFB0-D943-4CA1-96D8-1C05A6C2D9F5}"
EndProject
Project("{9A19103F-16F7-4668-BE54-9A1E7A4F7556}") = "RazorERP.Infrastructure.Services", "RazorERP.Infrastructure.Services\RazorERP.Infrastructure.Services.csproj", "{BF77FEF5-5C93-4377-812B-C49F72D1FD83}"
EndProject
Project("{FAE04EC0-301F-11D3-BF4B-00C04F79EFBC}") = "RazorERP.Infrastructure.Configurations", "RazorERP.Infrastructure.Cnfigurations\RazorERP.Infrastructure.Configurations.csproj", "{3F703D0D-2598-4E6A-9DB3-F26087BBFE74}"
EndProject
Project("{FAE04EC0-301F-11D3-BF4B-00C04F79EFBC}") = "RazorERP.Infrastructure.Extensions", "RazorERP.Infrastructure.Extensions\RazorERP.Infrastructure.Extensions.csproj", "{A2552282-2720-45ED-9A49-8F7B6CE58BCD}"
EndProject
Project("{9A19103F-16F7-4668-BE54-9A1E7A4F7556}") = "RazorERP.Infrastructure.Middlewares", "RazorERP.Infrastructure.Middlewares\RazorERP.Infrastructure.Middlewares.csproj", "{12BD6EDF-5E72-4008-ACFB-FDD53B552798}"
EndProject
Project("{FAE04EC0-301F-11D3-BF4B-00C04F79EFBC}") = "RazorERP.Tests", "RazorERP.Tests\RazorERP.Tests.csproj", "{EBCC091E-82BF-4307-A135-F9548D008BC0}"
EndProject
Global
	GlobalSection(SolutionConfigurationPlatforms) = preSolution
		Debug|Any CPU = Debug|Any CPU
		Release|Any CPU = Release|Any CPU
	EndGlobalSection
	GlobalSection(ProjectConfigurationPlatforms) = postSolution
		{3D45CDB2-E838-4A64-8D20-3DD417EA4578}.Debug|Any CPU.ActiveCfg = Debug|Any CPU
		{3D45CDB2-E838-4A64-8D20-3DD417EA4578}.Debug|Any CPU.Build.0 = Debug|Any CPU
		{3D45CDB2-E838-4A64-8D20-3DD417EA4578}.Release|Any CPU.ActiveCfg = Release|Any CPU
		{3D45CDB2-E838-4A64-8D20-3DD417EA4578}.Release|Any CPU.Build.0 = Release|Any CPU
		{3C3CA313-88F2-4287-A56E-0DB152DF273F}.Debug|Any CPU.ActiveCfg = Debug|Any CPU
		{3C3CA313-88F2-4287-A56E-0DB152DF273F}.Debug|Any CPU.Build.0 = Debug|Any CPU
		{3C3CA313-88F2-4287-A56E-0DB152DF273F}.Release|Any CPU.ActiveCfg = Release|Any CPU
		{3C3CA313-88F2-4287-A56E-0DB152DF273F}.Release|Any CPU.Build.0 = Release|Any CPU
		{851EA0F1-1808-4324-99C4-3098F9171783}.Debug|Any CPU.ActiveCfg = Debug|Any CPU
		{851EA0F1-1808-4324-99C4-3098F9171783}.Debug|Any CPU.Build.0 = Debug|Any CPU
		{851EA0F1-1808-4324-99C4-3098F9171783}.Release|Any CPU.ActiveCfg = Release|Any CPU
		{851EA0F1-1808-4324-99C4-3098F9171783}.Release|Any CPU.Build.0 = Release|Any CPU
		{C554AFB0-D943-4CA1-96D8-1C05A6C2D9F5}.Debug|Any CPU.ActiveCfg = Debug|Any CPU
		{C554AFB0-D943-4CA1-96D8-1C05A6C2D9F5}.Debug|Any CPU.Build.0 = Debug|Any CPU
		{C554AFB0-D943-4CA1-96D8-1C05A6C2D9F5}.Release|Any CPU.ActiveCfg = Release|Any CPU
		{C554AFB0-D943-4CA1-96D8-1C05A6C2D9F5}.Release|Any CPU.Build.0 = Release|Any CPU
		{BF77FEF5-5C93-4377-812B-C49F72D1FD83}.Debug|Any CPU.ActiveCfg = Debug|Any CPU
		{BF77FEF5-5C93-4377-812B-C49F72D1FD83}.Debug|Any CPU.Build.0 = Debug|Any CPU
		{BF77FEF5-5C93-4377-812B-C49F72D1FD83}.Release|Any CPU.ActiveCfg = Release|Any CPU
		{BF77FEF5-5C93-4377-812B-C49F72D1FD83}.Release|Any CPU.Build.0 = Release|Any CPU
		{3F703D0D-2598-4E6A-9DB3-F26087BBFE74}.Debug|Any CPU.ActiveCfg = Debug|Any CPU
		{3F703D0D-2598-4E6A-9DB3-F26087BBFE74}.Debug|Any CPU.Build.0 = Debug|Any CPU
		{3F703D0D-2598-4E6A-9DB3-F26087BBFE74}.Release|Any CPU.ActiveCfg = Release|Any CPU
		{3F703D0D-2598-4E6A-9DB3-F26087BBFE74}.Release|Any CPU.Build.0 = Release|Any CPU
		{A2552282-2720-45ED-9A49-8F7B6CE58BCD}.Debug|Any CPU.ActiveCfg = Debug|Any CPU
		{A2552282-2720-45ED-9A49-8F7B6CE58BCD}.Debug|Any CPU.Build.0 = Debug|Any CPU
		{A2552282-2720-45ED-9A49-8F7B6CE58BCD}.Release|Any CPU.ActiveCfg = Release|Any CPU
		{A2552282-2720-45ED-9A49-8F7B6CE58BCD}.Release|Any CPU.Build.0 = Release|Any CPU
		{12BD6EDF-5E72-4008-ACFB-FDD53B552798}.Debug|Any CPU.ActiveCfg = Debug|Any CPU
		{12BD6EDF-5E72-4008-ACFB-FDD53B552798}.Debug|Any CPU.Build.0 = Debug|Any CPU
		{12BD6EDF-5E72-4008-ACFB-FDD53B552798}.Release|Any CPU.ActiveCfg = Release|Any CPU
		{12BD6EDF-5E72-4008-ACFB-FDD53B552798}.Release|Any CPU.Build.0 = Release|Any CPU
		{EBCC091E-82BF-4307-A135-F9548D008BC0}.Debug|Any CPU.ActiveCfg = Debug|Any CPU
		{EBCC091E-82BF-4307-A135-F9548D008BC0}.Debug|Any CPU.Build.0 = Debug|Any CPU
		{EBCC091E-82BF-4307-A135-F9548D008BC0}.Release|Any CPU.ActiveCfg = Release|Any CPU
		{EBCC091E-82BF-4307-A135-F9548D008BC0}.Release|Any CPU.Build.0 = Release|Any CPU
	EndGlobalSection
	GlobalSection(SolutionProperties) = preSolution
		HideSolutionNode = FALSE
	EndGlobalSection
	GlobalSection(NestedProjects) = preSolution
		{6B5B1271-C8F2-4962-BAA4-3772C9D7C7DF} = {009BCC24-889F-40D1-ABD0-1A9533A1966A}
		{9EAEAB19-7FF7-4D9A-AC05-5A386C73CECB} = {009BCC24-889F-40D1-ABD0-1A9533A1966A}
		{42FDCD95-E80D-4AEE-8269-642C5B108748} = {009BCC24-889F-40D1-ABD0-1A9533A1966A}
		{3D45CDB2-E838-4A64-8D20-3DD417EA4578} = {6B5B1271-C8F2-4962-BAA4-3772C9D7C7DF}
		{3C3CA313-88F2-4287-A56E-0DB152DF273F} = {6B5B1271-C8F2-4962-BAA4-3772C9D7C7DF}
		{851EA0F1-1808-4324-99C4-3098F9171783} = {9EAEAB19-7FF7-4D9A-AC05-5A386C73CECB}
		{C554AFB0-D943-4CA1-96D8-1C05A6C2D9F5} = {42FDCD95-E80D-4AEE-8269-642C5B108748}
		{BF77FEF5-5C93-4377-812B-C49F72D1FD83} = {9EAEAB19-7FF7-4D9A-AC05-5A386C73CECB}
		{3F703D0D-2598-4E6A-9DB3-F26087BBFE74} = {9EAEAB19-7FF7-4D9A-AC05-5A386C73CECB}
		{A2552282-2720-45ED-9A49-8F7B6CE58BCD} = {9EAEAB19-7FF7-4D9A-AC05-5A386C73CECB}
		{12BD6EDF-5E72-4008-ACFB-FDD53B552798} = {9EAEAB19-7FF7-4D9A-AC05-5A386C73CECB}
		{EBCC091E-82BF-4307-A135-F9548D008BC0} = {5415B2C2-35C3-4B91-9612-87C458268B78}
	EndGlobalSection
	GlobalSection(ExtensibilityGlobals) = postSolution
		SolutionGuid = {CF8446D2-9684-4E3D-86CD-9DFFEFD0D8F3}
	EndGlobalSection
EndGlobal
